
Microsoft Visual Studio Solution File, Format Version 12.00
# Visual Studio Version 16
VisualStudioVersion = 16.0.31005.135
MinimumVisualStudioVersion = 10.0.40219.1
Project("{FAE04EC0-301F-11D3-BF4B-00C04F79EFBC}") = "Persons", "Persons\Persons.csproj", "{0368045E-8CF2-4B07-A0F2-59D5B4514DB8}"
EndProject
Project("{FAE04EC0-301F-11D3-BF4B-00C04F79EFBC}") = "SalaryIncrease", "SalaryIncrease\SalaryIncrease.csproj", "{53534051-CC74-4331-993F-68C694330407}"
EndProject
Project("{FAE04EC0-301F-11D3-BF4B-00C04F79EFBC}") = "ValidationOfData", "ValidationOfData\ValidationOfData.csproj", "{6CEF3725-786D-4C84-9921-B698A696A809}"
EndProject
Project("{FAE04EC0-301F-11D3-BF4B-00C04F79EFBC}") = "FirstAndReserveTeam", "FirstAndReserveTeam\FirstAndReserveTeam.csproj", "{3D953F1B-13EA-4F8D-8599-0CE4B196360D}"
EndProject
Global
	GlobalSection(SolutionConfigurationPlatforms) = preSolution
		Debug|Any CPU = Debug|Any CPU
		Release|Any CPU = Release|Any CPU
	EndGlobalSection
	GlobalSection(ProjectConfigurationPlatforms) = postSolution
		{0368045E-8CF2-4B07-A0F2-59D5B4514DB8}.Debug|Any CPU.ActiveCfg = Debug|Any CPU
		{0368045E-8CF2-4B07-A0F2-59D5B4514DB8}.Debug|Any CPU.Build.0 = Debug|Any CPU
		{0368045E-8CF2-4B07-A0F2-59D5B4514DB8}.Release|Any CPU.ActiveCfg = Release|Any CPU
		{0368045E-8CF2-4B07-A0F2-59D5B4514DB8}.Release|Any CPU.Build.0 = Release|Any CPU
		{53534051-CC74-4331-993F-68C694330407}.Debug|Any CPU.ActiveCfg = Debug|Any CPU
		{53534051-CC74-4331-993F-68C694330407}.Debug|Any CPU.Build.0 = Debug|Any CPU
		{53534051-CC74-4331-993F-68C694330407}.Release|Any CPU.ActiveCfg = Release|Any CPU
		{53534051-CC74-4331-993F-68C694330407}.Release|Any CPU.Build.0 = Release|Any CPU
		{6CEF3725-786D-4C84-9921-B698A696A809}.Debug|Any CPU.ActiveCfg = Debug|Any CPU
		{6CEF3725-786D-4C84-9921-B698A696A809}.Debug|Any CPU.Build.0 = Debug|Any CPU
		{6CEF3725-786D-4C84-9921-B698A696A809}.Release|Any CPU.ActiveCfg = Release|Any CPU
		{6CEF3725-786D-4C84-9921-B698A696A809}.Release|Any CPU.Build.0 = Release|Any CPU
		{3D953F1B-13EA-4F8D-8599-0CE4B196360D}.Debug|Any CPU.ActiveCfg = Debug|Any CPU
		{3D953F1B-13EA-4F8D-8599-0CE4B196360D}.Debug|Any CPU.Build.0 = Debug|Any CPU
		{3D953F1B-13EA-4F8D-8599-0CE4B196360D}.Release|Any CPU.ActiveCfg = Release|Any CPU
		{3D953F1B-13EA-4F8D-8599-0CE4B196360D}.Release|Any CPU.Build.0 = Release|Any CPU
	EndGlobalSection
	GlobalSection(SolutionProperties) = preSolution
		HideSolutionNode = FALSE
	EndGlobalSection
	GlobalSection(ExtensibilityGlobals) = postSolution
		SolutionGuid = {8785B8BD-A1AA-4BD6-BCEE-3BCD09633CF2}
	EndGlobalSection
EndGlobal
